
Microsoft Visual Studio Solution File, Format Version 12.00
# Visual Studio Version 17
VisualStudioVersion = 17.2.32602.215
MinimumVisualStudioVersion = 10.0.40219.1
Project("{FAE04EC0-301F-11D3-BF4B-00C04F79EFBC}") = "Sweeft_Digital_8", "Sweeft_Digital_8\Sweeft_Digital_8.csproj", "{5AAD55FF-5464-4EFA-BC42-966940F66A07}"
EndProject
Global
	GlobalSection(SolutionConfigurationPlatforms) = preSolution
		Debug|Any CPU = Debug|Any CPU
		Release|Any CPU = Release|Any CPU
	EndGlobalSection
	GlobalSection(ProjectConfigurationPlatforms) = postSolution
		{5AAD55FF-5464-4EFA-BC42-966940F66A07}.Debug|Any CPU.ActiveCfg = Debug|Any CPU
		{5AAD55FF-5464-4EFA-BC42-966940F66A07}.Debug|Any CPU.Build.0 = Debug|Any CPU
		{5AAD55FF-5464-4EFA-BC42-966940F66A07}.Release|Any CPU.ActiveCfg = Release|Any CPU
		{5AAD55FF-5464-4EFA-BC42-966940F66A07}.Release|Any CPU.Build.0 = Release|Any CPU
	EndGlobalSection
	GlobalSection(SolutionProperties) = preSolution
		HideSolutionNode = FALSE
	EndGlobalSection
	GlobalSection(ExtensibilityGlobals) = postSolution
		SolutionGuid = {D8A6205A-7EBD-4496-8082-BB1BFE47A126}
	EndGlobalSection
EndGlobal
